
Microsoft Visual Studio Solution File, Format Version 12.00
# Visual Studio 15
VisualStudioVersion = 15.0.27130.2024
MinimumVisualStudioVersion = 10.0.40219.1
Project("{888888A0-9F3D-457C-B088-3A5042F75D52}") = "WindowTemp", "WindowTemp.pyproj", "{9BB7CBB5-7752-4032-A9A3-A6E3B7C06ABA}"
EndProject
Global
	GlobalSection(SolutionConfigurationPlatforms) = preSolution
		Debug|Any CPU = Debug|Any CPU
		Release|Any CPU = Release|Any CPU
	EndGlobalSection
	GlobalSection(ProjectConfigurationPlatforms) = postSolution
		{9BB7CBB5-7752-4032-A9A3-A6E3B7C06ABA}.Debug|Any CPU.ActiveCfg = Debug|Any CPU
		{9BB7CBB5-7752-4032-A9A3-A6E3B7C06ABA}.Release|Any CPU.ActiveCfg = Release|Any CPU
	EndGlobalSection
	GlobalSection(SolutionProperties) = preSolution
		HideSolutionNode = FALSE
	EndGlobalSection
	GlobalSection(ExtensibilityGlobals) = postSolution
		SolutionGuid = {56C9BC57-A41A-4251-ADA8-7B5DF3232E1F}
	EndGlobalSection
EndGlobal
